
Microsoft Visual Studio Solution File, Format Version 12.00
# Visual Studio Version 17
VisualStudioVersion = 17.8.34525.116
MinimumVisualStudioVersion = 10.0.40219.1
Project("{FAE04EC0-301F-11D3-BF4B-00C04F79EFBC}") = "Bootstrap", "Bootstrap\Bootstrap.csproj", "{1274B480-DDDA-4B6B-B285-EAB51659C065}"
EndProject
Global
	GlobalSection(SolutionConfigurationPlatforms) = preSolution
		Debug|Any CPU = Debug|Any CPU
		Release|Any CPU = Release|Any CPU
	EndGlobalSection
	GlobalSection(ProjectConfigurationPlatforms) = postSolution
		{1274B480-DDDA-4B6B-B285-EAB51659C065}.Debug|Any CPU.ActiveCfg = Debug|Any CPU
		{1274B480-DDDA-4B6B-B285-EAB51659C065}.Debug|Any CPU.Build.0 = Debug|Any CPU
		{1274B480-DDDA-4B6B-B285-EAB51659C065}.Release|Any CPU.ActiveCfg = Release|Any CPU
		{1274B480-DDDA-4B6B-B285-EAB51659C065}.Release|Any CPU.Build.0 = Release|Any CPU
	EndGlobalSection
	GlobalSection(SolutionProperties) = preSolution
		HideSolutionNode = FALSE
	EndGlobalSection
	GlobalSection(ExtensibilityGlobals) = postSolution
		SolutionGuid = {F650D0B1-0116-4622-B608-9A5D08AE430B}
	EndGlobalSection
EndGlobal
